
Microsoft Visual Studio Solution File, Format Version 12.00
# Visual Studio Version 16
VisualStudioVersion = 16.0.31112.23
MinimumVisualStudioVersion = 10.0.40219.1
Project("{FAE04EC0-301F-11D3-BF4B-00C04F79EFBC}") = "SnS2RamificationCheck", "SnS2RamificationCheck\SnS2RamificationCheck.csproj", "{50CFCD47-82FE-4013-B455-896780E03451}"
EndProject
Project("{FAE04EC0-301F-11D3-BF4B-00C04F79EFBC}") = "RamificationTests", "RamificationTests\RamificationTests.csproj", "{60D77169-FD34-4296-9058-9004CB05B9C8}"
EndProject
Global
	GlobalSection(SolutionConfigurationPlatforms) = preSolution
		Debug|Any CPU = Debug|Any CPU
		Release|Any CPU = Release|Any CPU
	EndGlobalSection
	GlobalSection(ProjectConfigurationPlatforms) = postSolution
		{50CFCD47-82FE-4013-B455-896780E03451}.Debug|Any CPU.ActiveCfg = Debug|Any CPU
		{50CFCD47-82FE-4013-B455-896780E03451}.Debug|Any CPU.Build.0 = Debug|Any CPU
		{50CFCD47-82FE-4013-B455-896780E03451}.Release|Any CPU.ActiveCfg = Release|Any CPU
		{50CFCD47-82FE-4013-B455-896780E03451}.Release|Any CPU.Build.0 = Release|Any CPU
		{60D77169-FD34-4296-9058-9004CB05B9C8}.Debug|Any CPU.ActiveCfg = Debug|Any CPU
		{60D77169-FD34-4296-9058-9004CB05B9C8}.Debug|Any CPU.Build.0 = Debug|Any CPU
		{60D77169-FD34-4296-9058-9004CB05B9C8}.Release|Any CPU.ActiveCfg = Release|Any CPU
		{60D77169-FD34-4296-9058-9004CB05B9C8}.Release|Any CPU.Build.0 = Release|Any CPU
	EndGlobalSection
	GlobalSection(SolutionProperties) = preSolution
		HideSolutionNode = FALSE
	EndGlobalSection
	GlobalSection(ExtensibilityGlobals) = postSolution
		SolutionGuid = {EF80F80B-B228-4E43-A7FA-083950DC9CE7}
	EndGlobalSection
EndGlobal
